
Microsoft Visual Studio Solution File, Format Version 12.00
# Visual Studio Version 17
VisualStudioVersion = 17.10.35027.167
MinimumVisualStudioVersion = 10.0.40219.1
Project("{FAE04EC0-301F-11D3-BF4B-00C04F79EFBC}") = "AutomobiliuNuoma", "AutomobiliuNuoma\AutomobiliuNuoma.csproj", "{CFCD067E-CE2C-46DD-983E-86D1E52EF982}"
EndProject
Project("{FAE04EC0-301F-11D3-BF4B-00C04F79EFBC}") = "AutomobiliuNuoma.Core", "AutomobiliuNuoma.Core\AutomobiliuNuoma.Core.csproj", "{A288252C-9572-4539-8991-E344F1BA2013}"
EndProject
Global
	GlobalSection(SolutionConfigurationPlatforms) = preSolution
		Debug|Any CPU = Debug|Any CPU
		Release|Any CPU = Release|Any CPU
	EndGlobalSection
	GlobalSection(ProjectConfigurationPlatforms) = postSolution
		{CFCD067E-CE2C-46DD-983E-86D1E52EF982}.Debug|Any CPU.ActiveCfg = Debug|Any CPU
		{CFCD067E-CE2C-46DD-983E-86D1E52EF982}.Debug|Any CPU.Build.0 = Debug|Any CPU
		{CFCD067E-CE2C-46DD-983E-86D1E52EF982}.Release|Any CPU.ActiveCfg = Release|Any CPU
		{CFCD067E-CE2C-46DD-983E-86D1E52EF982}.Release|Any CPU.Build.0 = Release|Any CPU
		{A288252C-9572-4539-8991-E344F1BA2013}.Debug|Any CPU.ActiveCfg = Debug|Any CPU
		{A288252C-9572-4539-8991-E344F1BA2013}.Debug|Any CPU.Build.0 = Debug|Any CPU
		{A288252C-9572-4539-8991-E344F1BA2013}.Release|Any CPU.ActiveCfg = Release|Any CPU
		{A288252C-9572-4539-8991-E344F1BA2013}.Release|Any CPU.Build.0 = Release|Any CPU
	EndGlobalSection
	GlobalSection(SolutionProperties) = preSolution
		HideSolutionNode = FALSE
	EndGlobalSection
	GlobalSection(ExtensibilityGlobals) = postSolution
		SolutionGuid = {55F610CD-ABBB-4252-B476-129F4A58ABF4}
	EndGlobalSection
EndGlobal
